hash: 9910ce8e648b4ceaeee24d93fb869755b031bf078308b8b4f23eeb13d806672d
updated: 2017-08-22T18:57:23.970172423+08:00
imports:
- name: github.com/andybalholm/cascadia
  version: 349dd0209470eabd9514242c688c403c0926d266
- name: github.com/boombuler/barcode
  version: 56ef0af91246fb5279df4f87bc3daf1bf7cb9e89
  subpackages:
  - qr
  - utils
- name: github.com/chonglou/sitemap
  version: d07d4378937c751a8c1c505f7c782412a550afcc
- name: github.com/gin-contrib/sse
  version: 22d885f9ecc78bf4ee5d72b937e4bbcdc58e8cae
- name: github.com/gin-gonic/gin
  version: 7b508186dd71146cbdb3d14f2c2e1aaaa51f7e45
  subpackages:
  - binding
  - json
  - render
- name: github.com/go-redis/redis
  version: 0daeac9c3e31a1b121318398249699f48bb8d2a4
  subpackages:
  - internal
  - internal/proto
- name: github.com/go-sql-driver/mysql
  version: 3955978caca48c1658a4bb7a9c6a0f084e326af3
- name: github.com/gocraft/dbr
  version: c4f8f99b25c74a821ffa41ca2e339cc24a6b4a67
  subpackages:
  - dialect
- name: github.com/golang/glog
  version: 23def4e6c14b4da8ac2ed8007337bc5eb5007998
- name: github.com/golang/protobuf
  version: 0a4f71a498b7c4812f64969510bcb4eca251e33a
  subpackages:
  - proto
- name: github.com/gorilla/feeds
  version: fa8f5548eedbe306d748925237a48d70ae4150de
- name: github.com/json-iterator/go
  version: c15b4d116cb805508fd5862d8761a88076b3cc8e
- name: github.com/mattn/go-isatty
  version: fc9e8d8ef48496124e79ae0df75490096eccf6fe
- name: github.com/mozillazg/go-pinyin
  version: ff1ea6f92b184d58c766c60f96a7a9b5f30fb092
- name: github.com/PuerkitoBio/goquery
  version: 8806ada2a4ab225c06e9106f9631be80932db7ce
- name: github.com/robfig/cron
  version: b024fc5ea0e34bc3f83d9941c8d60b0622bfaca4
- name: github.com/ugorji/go
  version: 5efa3251c7f7d05e5d9704a69a984ec9f1386a40
  subpackages:
  - codec
- name: golang.org/x/net
  version: 02ac38e2528ff4adea90f184d71a3faa04b4b1b0
  subpackages:
  - context
  - context/ctxhttp
  - html
  - html/atom
- name: golang.org/x/sys
  version: 7a4fde3fda8ef580a89dbae8138c26041be14299
  subpackages:
  - unix
- name: gopkg.in/gcfg.v1
  version: 27e4946190b4a327b539185f2b5b1f7c84730728
  subpackages:
  - scanner
  - token
  - types
- name: gopkg.in/go-playground/pool.v1
  version: 011b92d08d42689e42a9b6b93e2d946304438d98
- name: gopkg.in/go-playground/validator.v8
  version: 5f57d2222ad794d0dffb07e664ea05e2ee07d60c
- name: gopkg.in/olivere/elastic.v3
  version: 5a75b7d18bca7420e68338600e8c9f611435f911
  subpackages:
  - backoff
  - uritemplates
- name: gopkg.in/redis.v5
  version: 19c1c2272e00c1aaa903cf574c746cd449f9cd3c
  subpackages:
  - internal
  - internal/consistenthash
  - internal/hashtag
  - internal/pool
  - internal/proto
- name: gopkg.in/warnings.v0
  version: 8a331561fe74dadba6edfc59f3be66c22c3b065d
- name: gopkg.in/yaml.v2
  version: 3b4ad1db5b2a649883ff3782f5f9f6fb52be71af
testImports: []
